%{"cowboy": {:hex, :cowboy, "1.0.0"},
  "cowlib": {:hex, :cowlib, "1.0.1"},
  "gproc": {:git, "git://github.com/uwiger/gproc.git", "68c9e5d8c2002a7272ed9766f5b021f8e8b1a95c", []},
  "jiffy": {:git, "git://github.com/davisp/jiffy.git", "801f9e72995eb72b303018885137ad8afbf1fb2b", []},
  "ranch": {:hex, :ranch, "1.0.0"},
  "uwiger": {:git, "git://github.com/uwiger/gproc.git", "68c9e5d8c2002a7272ed9766f5b021f8e8b1a95c", []}}
